
Microsoft Visual Studio Solution File, Format Version 12.00
Project("{2150E333-8FDC-42A3-9474-1A3956D46DE8}") = "src", "src", "{79EFEEDA-51BB-455B-AF2E-55DCE6DD90EF}"
EndProject
Project("{FAE04EC0-301F-11D3-BF4B-00C04F79EFBC}") = "PaymentSystem.PaymentApi", "src\PaymentSystem.PaymentApi\PaymentSystem.PaymentApi.csproj", "{9FD0E218-1401-43F8-9580-DEB756DDEE16}"
EndProject
Project("{FAE04EC0-301F-11D3-BF4B-00C04F79EFBC}") = "PaymentSystem.ClientApi", "src\PaymentSystem.ClientApi\PaymentSystem.ClientApi.csproj", "{09230498-8CEC-41B8-BDEB-4D646AC9FA14}"
EndProject
Project("{2150E333-8FDC-42A3-9474-1A3956D46DE8}") = "tools", "tools", "{96B880A6-1C13-4025-B17B-C682E05D2035}"
EndProject
Project("{FAE04EC0-301F-11D3-BF4B-00C04F79EFBC}") = "PaymentSystem.KeyManager", "tools\PaymentSystem.KeyManager\PaymentSystem.KeyManager.csproj", "{3A4DFDBA-E0FD-4D63-BCBB-2EB8BC96C570}"
EndProject
Global
	GlobalSection(SolutionConfigurationPlatforms) = preSolution
		Debug|Any CPU = Debug|Any CPU
		Release|Any CPU = Release|Any CPU
	EndGlobalSection
	GlobalSection(NestedProjects) = preSolution
		{9FD0E218-1401-43F8-9580-DEB756DDEE16} = {79EFEEDA-51BB-455B-AF2E-55DCE6DD90EF}
		{09230498-8CEC-41B8-BDEB-4D646AC9FA14} = {79EFEEDA-51BB-455B-AF2E-55DCE6DD90EF}
		{3A4DFDBA-E0FD-4D63-BCBB-2EB8BC96C570} = {96B880A6-1C13-4025-B17B-C682E05D2035}
	EndGlobalSection
	GlobalSection(ProjectConfigurationPlatforms) = postSolution
		{9FD0E218-1401-43F8-9580-DEB756DDEE16}.Debug|Any CPU.ActiveCfg = Debug|Any CPU
		{9FD0E218-1401-43F8-9580-DEB756DDEE16}.Debug|Any CPU.Build.0 = Debug|Any CPU
		{9FD0E218-1401-43F8-9580-DEB756DDEE16}.Release|Any CPU.ActiveCfg = Release|Any CPU
		{9FD0E218-1401-43F8-9580-DEB756DDEE16}.Release|Any CPU.Build.0 = Release|Any CPU
		{09230498-8CEC-41B8-BDEB-4D646AC9FA14}.Debug|Any CPU.ActiveCfg = Debug|Any CPU
		{09230498-8CEC-41B8-BDEB-4D646AC9FA14}.Debug|Any CPU.Build.0 = Debug|Any CPU
		{09230498-8CEC-41B8-BDEB-4D646AC9FA14}.Release|Any CPU.ActiveCfg = Release|Any CPU
		{09230498-8CEC-41B8-BDEB-4D646AC9FA14}.Release|Any CPU.Build.0 = Release|Any CPU
		{3A4DFDBA-E0FD-4D63-BCBB-2EB8BC96C570}.Debug|Any CPU.ActiveCfg = Debug|Any CPU
		{3A4DFDBA-E0FD-4D63-BCBB-2EB8BC96C570}.Debug|Any CPU.Build.0 = Debug|Any CPU
		{3A4DFDBA-E0FD-4D63-BCBB-2EB8BC96C570}.Release|Any CPU.ActiveCfg = Release|Any CPU
		{3A4DFDBA-E0FD-4D63-BCBB-2EB8BC96C570}.Release|Any CPU.Build.0 = Release|Any CPU
	EndGlobalSection
EndGlobal
